# This file is automatically @generated by Cargo.
# It is not intended for manual editing.
version = 4

[[package]]
name = "rusty-curriculum"
version = "0.0.0"

[[package]]
name = "rusty-grader"
version = "0.0.0"

[[package]]
name = "rusty-host"
version = "0.0.0"

[[package]]
name = "rusty-pedagogy"
version = "0.0.0"

[[package]]
name = "rusty-scheduler"
version = "0.0.0"

[[package]]
name = "rusty-terminal"
version = "0.0.0"
